dependencies:
  espressif/mdns:
    component_hash: e81ca7a7f53ea34e78274df054da692c272e1315572876b237b1748e267c013b
    dependencies:
    - name: idf
      require: private
      version: '>=5.0'
    source:
      registry_url: https://components.espressif.com/
      type: service
    version: 1.11.3
  idf:
    source:
      type: idf
    version: 5.4.2
direct_dependencies:
- espressif/mdns
- idf
manifest_hash: 40c3bd10d32eba8c74af78101cca15540aac1d4bc2dc29aa02a69e07a7e9b761
target: esp32
version: 2.0.0
